// !$*UTF8*$!
{
	archiveVersion = 1;
	classes = {
	};
	objectVersion = 50;
	objects = {

/* Begin PBXBuildFile section */
		0300B04E2163B0EA00F19655 /* AppDelegate.swift in Sources */ = {isa = PBXBuildFile; fileRef = 0300B04D2163B0EA00F19655 /* AppDelegate.swift */; };
		0300B0502163B0EB00F19655 /* Assets.xcassets in Resources */ = {isa = PBXBuildFile; fileRef = 0300B04F2163B0EB00F19655 /* Assets.xcassets */; };
		0300B0532163B0EB00F19655 /* MainMenu.xib in Resources */ = {isa = PBXBuildFile; fileRef = 0300B0512163B0EB00F19655 /* MainMenu.xib */; };
		0300B05F2163B0EB00F19655 /* unusedResourcesTests.swift in Sources */ = {isa = PBXBuildFile; fileRef = 0300B05E2163B0EB00F19655 /* unusedResourcesTests.swift */; };
		0300B06A2163B0EB00F19655 /* unusedResourcesUITests.swift in Sources */ = {isa = PBXBuildFile; fileRef = 0300B0692163B0EB00F19655 /* unusedResourcesUITests.swift */; };
		0300B07A2163B14B00F19655 /* MainWindowController.swift in Sources */ = {isa = PBXBuildFile; fileRef = 0300B0782163B14B00F19655 /* MainWindowController.swift */; };
		0300B07C2163BAAC00F19655 /* Searcher.swift in Sources */ = {isa = PBXBuildFile; fileRef = 0300B07B2163BAAC00F19655 /* Searcher.swift */; };
		0300B07E2163C5EF00F19655 /* FileUtil.swift in Sources */ = {isa = PBXBuildFile; fileRef = 0300B07D2163C5EF00F19655 /* FileUtil.swift */; };
		03702D9D21676F4A0014CB2E /* Localizable.strings in Resources */ = {isa = PBXBuildFile; fileRef = 03702D9F21676F4A0014CB2E /* Localizable.strings */; };
		03702DA2216770700014CB2E /* MainWindowController.xib in Resources */ = {isa = PBXBuildFile; fileRef = 03702DA4216770700014CB2E /* MainWindowController.xib */; };
		03702DB02167CA8A0014CB2E /* CaptureEcran1.png in Resources */ = {isa = PBXBuildFile; fileRef = 03702DAF2167CA8A0014CB2E /* CaptureEcran1.png */; };
		03702DB32167CCA80014CB2E /* README.md in Resources */ = {isa = PBXBuildFile; fileRef = 03702DB22167CCA80014CB2E /* README.md */; };
		03A5D323216A4B8A00827849 /* MainWindowExtension.swift in Sources */ = {isa = PBXBuildFile; fileRef = 03A5D322216A4B8A00827849 /* MainWindowExtension.swift */; };
/* End PBXBuildFile section */

/* Begin PBXContainerItemProxy section */
		0300B05B2163B0EB00F19655 /* PBXContainerItemProxy */ = {
			isa = PBXContainerItemProxy;
			containerPortal = 0300B0422163B0EA00F19655 /* Project object */;
			proxyType = 1;
			remoteGlobalIDString = 0300B0492163B0EA00F19655;
			remoteInfo = unusedResources;
		};
		0300B0662163B0EB00F19655 /* PBXContainerItemProxy */ = {
			isa = PBXContainerItemProxy;
			containerPortal = 0300B0422163B0EA00F19655 /* Project object */;
			proxyType = 1;
			remoteGlobalIDString = 0300B0492163B0EA00F19655;
			remoteInfo = unusedResources;
		};
/* End PBXContainerItemProxy section */

/* Begin PBXFileReference section */
		0300B04A2163B0EA00F19655 /* unusedResources.app */ = {isa = PBXFileReference; explicitFileType = wrapper.application; includeInIndex = 0; path = unusedResources.app; sourceTree = BUILT_PRODUCTS_DIR; };
		0300B04D2163B0EA00F19655 /* AppDelegate.swift */ = {isa = PBXFileReference; lastKnownFileType = sourcecode.swift; path = AppDelegate.swift; sourceTree = "<group>"; };
		0300B04F2163B0EB00F19655 /* Assets.xcassets */ = {isa = PBXFileReference; lastKnownFileType = folder.assetcatalog; path = Assets.xcassets; sourceTree = "<group>"; };
		0300B0522163B0EB00F19655 /* Base */ = {isa = PBXFileReference; lastKnownFileType = file.xib; name = Base; path = Base.lproj/MainMenu.xib; sourceTree = "<group>"; };
		0300B0542163B0EB00F19655 /* Info.plist */ = {isa = PBXFileReference; lastKnownFileType = text.plist.xml; path = Info.plist; sourceTree = "<group>"; };
		0300B0552163B0EB00F19655 /* unusedResources.entitlements */ = {isa = PBXFileReference; lastKnownFileType = text.plist.entitlements; path = unusedResources.entitlements; sourceTree = "<group>"; };
		0300B05A2163B0EB00F19655 /* unusedResourcesTests.xctest */ = {isa = PBXFileReference; explicitFileType = wrapper.cfbundle; includeInIndex = 0; path = unusedResourcesTests.xctest; sourceTree = BUILT_PRODUCTS_DIR; };
		0300B05E2163B0EB00F19655 /* unusedResourcesTests.swift */ = {isa = PBXFileReference; lastKnownFileType = sourcecode.swift; path = unusedResourcesTests.swift; sourceTree = "<group>"; };
		0300B0602163B0EB00F19655 /* Info.plist */ = {isa = PBXFileReference; lastKnownFileType = text.plist.xml; path = Info.plist; sourceTree = "<group>"; };
		0300B0652163B0EB00F19655 /* unusedResourcesUITests.xctest */ = {isa = PBXFileReference; explicitFileType = wrapper.cfbundle; includeInIndex = 0; path = unusedResourcesUITests.xctest; sourceTree = BUILT_PRODUCTS_DIR; };
		0300B0692163B0EB00F19655 /* unusedResourcesUITests.swift */ = {isa = PBXFileReference; lastKnownFileType = sourcecode.swift; path = unusedResourcesUITests.swift; sourceTree = "<group>"; };
		0300B06B2163B0EB00F19655 /* Info.plist */ = {isa = PBXFileReference; lastKnownFileType = text.plist.xml; path = Info.plist; sourceTree = "<group>"; };
		0300B0782163B14B00F19655 /* MainWindowController.swift */ = {isa = PBXFileReference; lastKnownFileType = sourcecode.swift; path = MainWindowController.swift; sourceTree = "<group>"; };
		0300B07B2163BAAC00F19655 /* Searcher.swift */ = {isa = PBXFileReference; lastKnownFileType = sourcecode.swift; path = Searcher.swift; sourceTree = "<group>"; };
		0300B07D2163C5EF00F19655 /* FileUtil.swift */ = {isa = PBXFileReference; lastKnownFileType = sourcecode.swift; path = FileUtil.swift; sourceTree = "<group>"; };
		03702D9E21676F4A0014CB2E /* en */ = {isa = PBXFileReference; lastKnownFileType = text.plist.strings; name = en; path = en.lproj/Localizable.strings; sourceTree = "<group>"; };
		03702DA021676F600014CB2E /* fr */ = {isa = PBXFileReference; lastKnownFileType = text.plist.strings; name = fr; path = fr.lproj/MainMenu.strings; sourceTree = "<group>"; };
		03702DA121676F610014CB2E /* fr */ = {isa = PBXFileReference; lastKnownFileType = text.plist.strings; name = fr; path = fr.lproj/Localizable.strings; sourceTree = "<group>"; };
		03702DA3216770700014CB2E /* Base */ = {isa = PBXFileReference; lastKnownFileType = file.xib; name = Base; path = Base.lproj/MainWindowController.xib; sourceTree = "<group>"; };
		03702DA6216770780014CB2E /* fr */ = {isa = PBXFileReference; lastKnownFileType = text.plist.strings; name = fr; path = fr.lproj/MainWindowController.strings; sourceTree = "<group>"; };
		03702DA8216770790014CB2E /* en */ = {isa = PBXFileReference; lastKnownFileType = text.plist.strings; name = en; path = en.lproj/MainWindowController.strings; sourceTree = "<group>"; };
		03702DAF2167CA8A0014CB2E /* CaptureEcran1.png */ = {isa = PBXFileReference; lastKnownFileType = image.png; path = CaptureEcran1.png; sourceTree = "<group>"; };
		03702DB22167CCA80014CB2E /* README.md */ = {isa = PBXFileReference; fileEncoding = 4; lastKnownFileType = net.daringfireball.markdown; path = README.md; sourceTree = "<group>"; };
		03A5D322216A4B8A00827849 /* MainWindowExtension.swift */ = {isa = PBXFileReference; lastKnownFileType = sourcecode.swift; path = MainWindowExtension.swift; sourceTree = "<group>"; };
/* End PBXFileReference section */

/* Begin PBXFrameworksBuildPhase section */
		0300B0472163B0EA00F19655 /* Frameworks */ = {
			isa = PBXFrameworksBuildPhase;
			buildActionMask = 2147483647;
			files = (
			);
			runOnlyForDeploymentPostprocessing = 0;
		};
		0300B0572163B0EB00F19655 /* Frameworks */ = {
			isa = PBXFrameworksBuildPhase;
			buildActionMask = 2147483647;
			files = (
			);
			runOnlyForDeploymentPostprocessing = 0;
		};
		0300B0622163B0EB00F19655 /* Frameworks */ = {
			isa = PBXFrameworksBuildPhase;
			buildActionMask = 2147483647;
			files = (
			);
			runOnlyForDeploymentPostprocessing = 0;
		};
/* End PBXFrameworksBuildPhase section */

/* Begin PBXGroup section */
		0300B0412163B0EA00F19655 = {
			isa = PBXGroup;
			children = (
				03702DB22167CCA80014CB2E /* README.md */,
				03702DB12167CB050014CB2E /* screenshots */,
				0300B04C2163B0EA00F19655 /* unusedResources */,
				0300B05D2163B0EB00F19655 /* unusedResourcesTests */,
				0300B0682163B0EB00F19655 /* unusedResourcesUITests */,
				0300B04B2163B0EA00F19655 /* Products */,
			);
			sourceTree = "<group>";
		};
		0300B04B2163B0EA00F19655 /* Products */ = {
			isa = PBXGroup;
			children = (
				0300B04A2163B0EA00F19655 /* unusedResources.app */,
				0300B05A2163B0EB00F19655 /* unusedResourcesTests.xctest */,
				0300B0652163B0EB00F19655 /* unusedResourcesUITests.xctest */,
			);
			name = Products;
			sourceTree = "<group>";
		};
		0300B04C2163B0EA00F19655 /* unusedResources */ = {
			isa = PBXGroup;
			children = (
				0300B04D2163B0EA00F19655 /* AppDelegate.swift */,
				03702D9F21676F4A0014CB2E /* Localizable.strings */,
				0300B04F2163B0EB00F19655 /* Assets.xcassets */,
				0300B0512163B0EB00F19655 /* MainMenu.xib */,
				0300B0542163B0EB00F19655 /* Info.plist */,
				0300B0552163B0EB00F19655 /* unusedResources.entitlements */,
				03702DA4216770700014CB2E /* MainWindowController.xib */,
				0300B0782163B14B00F19655 /* MainWindowController.swift */,
				0300B07B2163BAAC00F19655 /* Searcher.swift */,
				0300B07D2163C5EF00F19655 /* FileUtil.swift */,
				03A5D322216A4B8A00827849 /* MainWindowExtension.swift */,
			);
			path = unusedResources;
			sourceTree = "<group>";
		};
		0300B05D2163B0EB00F19655 /* unusedResourcesTests */ = {
			isa = PBXGroup;
			children = (
				0300B05E2163B0EB00F19655 /* unusedResourcesTests.swift */,
				0300B0602163B0EB00F19655 /* Info.plist */,
			);
			path = unusedResourcesTests;
			sourceTree = "<group>";
		};
		0300B0682163B0EB00F19655 /* unusedResourcesUITests */ = {
			isa = PBXGroup;
			children = (
				0300B0692163B0EB00F19655 /* unusedResourcesUITests.swift */,
				0300B06B2163B0EB00F19655 /* Info.plist */,
			);
			path = unusedResourcesUITests;
			sourceTree = "<group>";
		};
		03702DB12167CB050014CB2E /* screenshots */ = {
			isa = PBXGroup;
			children = (
				03702DAF2167CA8A0014CB2E /* CaptureEcran1.png */,
			);
			path = screenshots;
			sourceTree = "<group>";
		};
/* End PBXGroup section */

/* Begin PBXNativeTarget section */
		0300B0492163B0EA00F19655 /* unusedResources */ = {
			isa = PBXNativeTarget;
			buildConfigurationList = 0300B06E2163B0EB00F19655 /* Build configuration list for PBXNativeTarget "unusedResources" */;
			buildPhases = (
				0300B0462163B0EA00F19655 /* Sources */,
				0300B0472163B0EA00F19655 /* Frameworks */,
				0300B0482163B0EA00F19655 /* Resources */,
			);
			buildRules = (
			);
			dependencies = (
			);
			name = unusedResources;
			productName = unusedResources;
			productReference = 0300B04A2163B0EA00F19655 /* unusedResources.app */;
			productType = "com.apple.product-type.application";
		};
		0300B0592163B0EB00F19655 /* unusedResourcesTests */ = {
			isa = PBXNativeTarget;
			buildConfigurationList = 0300B0712163B0EB00F19655 /* Build configuration list for PBXNativeTarget "unusedResourcesTests" */;
			buildPhases = (
				0300B0562163B0EB00F19655 /* Sources */,
				0300B0572163B0EB00F19655 /* Frameworks */,
				0300B0582163B0EB00F19655 /* Resources */,
			);
			buildRules = (
			);
			dependencies = (
				0300B05C2163B0EB00F19655 /* PBXTargetDependency */,
			);
			name = unusedResourcesTests;
			productName = unusedResourcesTests;
			productReference = 0300B05A2163B0EB00F19655 /* unusedResourcesTests.xctest */;
			productType = "com.apple.product-type.bundle.unit-test";
		};
		0300B0642163B0EB00F19655 /* unusedResourcesUITests */ = {
			isa = PBXNativeTarget;
			buildConfigurationList = 0300B0742163B0EB00F19655 /* Build configuration list for PBXNativeTarget "unusedResourcesUITests" */;
			buildPhases = (
				0300B0612163B0EB00F19655 /* Sources */,
				0300B0622163B0EB00F19655 /* Frameworks */,
				0300B0632163B0EB00F19655 /* Resources */,
			);
			buildRules = (
			);
			dependencies = (
				0300B0672163B0EB00F19655 /* PBXTargetDependency */,
			);
			name = unusedResourcesUITests;
			productName = unusedResourcesUITests;
			productReference = 0300B0652163B0EB00F19655 /* unusedResourcesUITests.xctest */;
			productType = "com.apple.product-type.bundle.ui-testing";
		};
/* End PBXNativeTarget section */

/* Begin PBXProject section */
		0300B0422163B0EA00F19655 /* Project object */ = {
			isa = PBXProject;
			attributes = {
				LastSwiftUpdateCheck = 1010;
				LastUpgradeCheck = 1010;
				ORGANIZATIONNAME = thierryH24;
				TargetAttributes = {
					0300B0492163B0EA00F19655 = {
						CreatedOnToolsVersion = 10.1;
						SystemCapabilities = {
							com.apple.Sandbox = {
								enabled = 0;
							};
						};
					};
					0300B0592163B0EB00F19655 = {
						CreatedOnToolsVersion = 10.1;
						TestTargetID = 0300B0492163B0EA00F19655;
					};
					0300B0642163B0EB00F19655 = {
						CreatedOnToolsVersion = 10.1;
						TestTargetID = 0300B0492163B0EA00F19655;
					};
				};
			};
			buildConfigurationList = 0300B0452163B0EA00F19655 /* Build configuration list for PBXProject "unusedResources" */;
			compatibilityVersion = "Xcode 9.3";
			developmentRegion = en;
			hasScannedForEncodings = 0;
			knownRegions = (
				en,
				Base,
				fr,
			);
			mainGroup = 0300B0412163B0EA00F19655;
			productRefGroup = 0300B04B2163B0EA00F19655 /* Products */;
			projectDirPath = "";
			projectRoot = "";
			targets = (
				0300B0492163B0EA00F19655 /* unusedResources */,
				0300B0592163B0EB00F19655 /* unusedResourcesTests */,
				0300B0642163B0EB00F19655 /* unusedResourcesUITests */,
			);
		};
/* End PBXProject section */

/* Begin PBXResourcesBuildPhase section */
		0300B0482163B0EA00F19655 /* Resources */ = {
			isa = PBXResourcesBuildPhase;
			buildActionMask = 2147483647;
			files = (
				03702DB32167CCA80014CB2E /* README.md in Resources */,
				03702DB02167CA8A0014CB2E /* CaptureEcran1.png in Resources */,
				0300B0502163B0EB00F19655 /* Assets.xcassets in Resources */,
				03702D9D21676F4A0014CB2E /* Localizable.strings in Resources */,
				03702DA2216770700014CB2E /* MainWindowController.xib in Resources */,
				0300B0532163B0EB00F19655 /* MainMenu.xib in Resources */,
			);
			runOnlyForDeploymentPostprocessing = 0;
		};
		0300B0582163B0EB00F19655 /* Resources */ = {
			isa = PBXResourcesBuildPhase;
			buildActionMask = 2147483647;
			files = (
			);
			runOnlyForDeploymentPostprocessing = 0;
		};
		0300B0632163B0EB00F19655 /* Resources */ = {
			isa = PBXResourcesBuildPhase;
			buildActionMask = 2147483647;
			files = (
			);
			runOnlyForDeploymentPostprocessing = 0;
		};
/* End PBXResourcesBuildPhase section */

/* Begin PBXSourcesBuildPhase section */
		0300B0462163B0EA00F19655 /* Sources */ = {
			isa = PBXSourcesBuildPhase;
			buildActionMask = 2147483647;
			files = (
				0300B07A2163B14B00F19655 /* MainWindowController.swift in Sources */,
				0300B04E2163B0EA00F19655 /* AppDelegate.swift in Sources */,
				0300B07C2163BAAC00F19655 /* Searcher.swift in Sources */,
				0300B07E2163C5EF00F19655 /* FileUtil.swift in Sources */,
				03A5D323216A4B8A00827849 /* MainWindowExtension.swift in Sources */,
			);
			runOnlyForDeploymentPostprocessing = 0;
		};
		0300B0562163B0EB00F19655 /* Sources */ = {
			isa = PBXSourcesBuildPhase;
			buildActionMask = 2147483647;
			files = (
				0300B05F2163B0EB00F19655 /* unusedResourcesTests.swift in Sources */,
			);
			runOnlyForDeploymentPostprocessing = 0;
		};
		0300B0612163B0EB00F19655 /* Sources */ = {
			isa = PBXSourcesBuildPhase;
			buildActionMask = 2147483647;
			files = (
				0300B06A2163B0EB00F19655 /* unusedResourcesUITests.swift in Sources */,
			);
			runOnlyForDeploymentPostprocessing = 0;
		};
/* End PBXSourcesBuildPhase section */

/* Begin PBXTargetDependency section */
		0300B05C2163B0EB00F19655 /* PBXTargetDependency */ = {
			isa = PBXTargetDependency;
			target = 0300B0492163B0EA00F19655 /* unusedResources */;
			targetProxy = 0300B05B2163B0EB00F19655 /* PBXContainerItemProxy */;
		};
		0300B0672163B0EB00F19655 /* PBXTargetDependency */ = {
			isa = PBXTargetDependency;
			target = 0300B0492163B0EA00F19655 /* unusedResources */;
			targetProxy = 0300B0662163B0EB00F19655 /* PBXContainerItemProxy */;
		};
/* End PBXTargetDependency section */

/* Begin PBXVariantGroup section */
		0300B0512163B0EB00F19655 /* MainMenu.xib */ = {
			isa = PBXVariantGroup;
			children = (
				0300B0522163B0EB00F19655 /* Base */,
				03702DA021676F600014CB2E /* fr */,
			);
			name = MainMenu.xib;
			sourceTree = "<group>";
		};
		03702D9F21676F4A0014CB2E /* Localizable.strings */ = {
			isa = PBXVariantGroup;
			children = (
				03702D9E21676F4A0014CB2E /* en */,
				03702DA121676F610014CB2E /* fr */,
			);
			name = Localizable.strings;
			sourceTree = "<group>";
		};
		03702DA4216770700014CB2E /* MainWindowController.xib */ = {
			isa = PBXVariantGroup;
			children = (
				03702DA3216770700014CB2E /* Base */,
				03702DA6216770780014CB2E /* fr */,
				03702DA8216770790014CB2E /* en */,
			);
			name = MainWindowController.xib;
			sourceTree = "<group>";
		};
/* End PBXVariantGroup section */

/* Begin XCBuildConfiguration section */
		0300B06C2163B0EB00F19655 /* Debug */ = {
			isa = XCBuildConfiguration;
			buildSettings = {
				ALWAYS_SEARCH_USER_PATHS = NO;
				CLANG_ANALYZER_LOCALIZABILITY_NONLOCALIZED = YES;
				CLANG_ANALYZER_NONNULL = YES;
				CLANG_ANALYZER_NUMBER_OBJECT_CONVERSION = YES_AGGRESSIVE;
				CLANG_CXX_LANGUAGE_STANDARD = "gnu++14";
				CLANG_CXX_LIBRARY = "libc++";
				CLANG_ENABLE_MODULES = YES;
				CLANG_ENABLE_OBJC_ARC = YES;
				CLANG_ENABLE_OBJC_WEAK = YES;
				CLANG_WARN_BLOCK_CAPTURE_AUTORELEASING = YES;
				CLANG_WARN_BOOL_CONVERSION = YES;
				CLANG_WARN_COMMA = YES;
				CLANG_WARN_CONSTANT_CONVERSION = YES;
				CLANG_WARN_DEPRECATED_OBJC_IMPLEMENTATIONS = YES;
				CLANG_WARN_DIRECT_OBJC_ISA_USAGE = YES_ERROR;
				CLANG_WARN_DOCUMENTATION_COMMENTS = YES;
				CLANG_WARN_EMPTY_BODY = YES;
				CLANG_WARN_ENUM_CONVERSION = YES;
				CLANG_WARN_INFINITE_RECURSION = YES;
				CLANG_WARN_INT_CONVERSION = YES;
				CLANG_WARN_NON_LITERAL_NULL_CONVERSION = YES;
				CLANG_WARN_OBJC_IMPLICIT_RETAIN_SELF = YES;
				CLANG_WARN_OBJC_LITERAL_CONVERSION = YES;
				CLANG_WARN_OBJC_ROOT_CLASS = YES_ERROR;
				CLANG_WARN_RANGE_LOOP_ANALYSIS = YES;
				CLANG_WARN_STRICT_PROTOTYPES = YES;
				CLANG_WARN_SUSPICIOUS_MOVE = YES;
				CLANG_WARN_UNGUARDED_AVAILABILITY = YES_AGGRESSIVE;
				CLANG_WARN_UNREACHABLE_CODE = YES;
				CLANG_WARN__DUPLICATE_METHOD_MATCH = YES;
				CODE_SIGN_IDENTITY = "-";
				COPY_PHASE_STRIP = NO;
				DEBUG_INFORMATION_FORMAT = dwarf;
				ENABLE_STRICT_OBJC_MSGSEND = YES;
				ENABLE_TESTABILITY = YES;
				GCC_C_LANGUAGE_STANDARD = gnu11;
				GCC_DYNAMIC_NO_PIC = NO;
				GCC_NO_COMMON_BLOCKS = YES;
				GCC_OPTIMIZATION_LEVEL = 0;
				GCC_PREPROCESSOR_DEFINITIONS = (
					"DEBUG=1",
					"$(inherited)",
				);
				GCC_WARN_64_TO_32_BIT_CONVERSION = YES;
				GCC_WARN_ABOUT_RETURN_TYPE = YES_ERROR;
				GCC_WARN_UNDECLARED_SELECTOR = YES;
				GCC_WARN_UNINITIALIZED_AUTOS = YES_AGGRESSIVE;
				GCC_WARN_UNUSED_FUNCTION = YES;
				GCC_WARN_UNUSED_VARIABLE = YES;
				MACOSX_DEPLOYMENT_TARGET = 10.14;
				MTL_ENABLE_DEBUG_INFO = INCLUDE_SOURCE;
				MTL_FAST_MATH = YES;
				ONLY_ACTIVE_ARCH = YES;
				SDKROOT = macosx;
				SWIFT_ACTIVE_COMPILATION_CONDITIONS = DEBUG;
				SWIFT_OPTIMIZATION_LEVEL = "-Onone";
			};
			name = Debug;
		};
		0300B06D2163B0EB00F19655 /* Release */ = {
			isa = XCBuildConfiguration;
			buildSettings = {
				ALWAYS_SEARCH_USER_PATHS = NO;
				CLANG_ANALYZER_LOCALIZABILITY_NONLOCALIZED = YES;
				CLANG_ANALYZER_NONNULL = YES;
				CLANG_ANALYZER_NUMBER_OBJECT_CONVERSION = YES_AGGRESSIVE;
				CLANG_CXX_LANGUAGE_STANDARD = "gnu++14";
				CLANG_CXX_LIBRARY = "libc++";
				CLANG_ENABLE_MODULES = YES;
				CLANG_ENABLE_OBJC_ARC = YES;
				CLANG_ENABLE_OBJC_WEAK = YES;
				CLANG_WARN_BLOCK_CAPTURE_AUTORELEASING = YES;
				CLANG_WARN_BOOL_CONVERSION = YES;
				CLANG_WARN_COMMA = YES;
				CLANG_WARN_CONSTANT_CONVERSION = YES;
				CLANG_WARN_DEPRECATED_OBJC_IMPLEMENTATIONS = YES;
				CLANG_WARN_DIRECT_OBJC_ISA_USAGE = YES_ERROR;
				CLANG_WARN_DOCUMENTATION_COMMENTS = YES;
				CLANG_WARN_EMPTY_BODY = YES;
				CLANG_WARN_ENUM_CONVERSION = YES;
				CLANG_WARN_INFINITE_RECURSION = YES;
				CLANG_WARN_INT_CONVERSION = YES;
				CLANG_WARN_NON_LITERAL_NULL_CONVERSION = YES;
				CLANG_WARN_OBJC_IMPLICIT_RETAIN_SELF = YES;
				CLANG_WARN_OBJC_LITERAL_CONVERSION = YES;
				CLANG_WARN_OBJC_ROOT_CLASS = YES_ERROR;
				CLANG_WARN_RANGE_LOOP_ANALYSIS = YES;
				CLANG_WARN_STRICT_PROTOTYPES = YES;
				CLANG_WARN_SUSPICIOUS_MOVE = YES;
				CLANG_WARN_UNGUARDED_AVAILABILITY = YES_AGGRESSIVE;
				CLANG_WARN_UNREACHABLE_CODE = YES;
				CLANG_WARN__DUPLICATE_METHOD_MATCH = YES;
				CODE_SIGN_IDENTITY = "-";
				COPY_PHASE_STRIP = NO;
				DEBUG_INFORMATION_FORMAT = "dwarf-with-dsym";
				ENABLE_NS_ASSERTIONS = NO;
				ENABLE_STRICT_OBJC_MSGSEND = YES;
				GCC_C_LANGUAGE_STANDARD = gnu11;
				GCC_NO_COMMON_BLOCKS = YES;
				GCC_WARN_64_TO_32_BIT_CONVERSION = YES;
				GCC_WARN_ABOUT_RETURN_TYPE = YES_ERROR;
				GCC_WARN_UNDECLARED_SELECTOR = YES;
				GCC_WARN_UNINITIALIZED_AUTOS = YES_AGGRESSIVE;
				GCC_WARN_UNUSED_FUNCTION = YES;
				GCC_WARN_UNUSED_VARIABLE = YES;
				MACOSX_DEPLOYMENT_TARGET = 10.14;
				MTL_ENABLE_DEBUG_INFO = NO;
				MTL_FAST_MATH = YES;
				SDKROOT = macosx;
				SWIFT_COMPILATION_MODE = wholemodule;
				SWIFT_OPTIMIZATION_LEVEL = "-O";
			};
			name = Release;
		};
		0300B06F2163B0EB00F19655 /* Debug */ = {
			isa = XCBuildConfiguration;
			buildSettings = {
				ASSETCATALOG_COMPILER_APPICON_NAME = AppIcon;
				CODE_SIGN_STYLE = Automatic;
				COMBINE_HIDPI_IMAGES = YES;
				INFOPLIST_FILE = unusedResources/Info.plist;
				LD_RUNPATH_SEARCH_PATHS = (
					"$(inherited)",
					"@executable_path/../Frameworks",
				);
				PRODUCT_BUNDLE_IDENTIFIER = com.thierry24100..unusedResources;
				PRODUCT_NAME = "$(TARGET_NAME)";
				SWIFT_VERSION = 4.2;
			};
			name = Debug;
		};
		0300B0702163B0EB00F19655 /* Release */ = {
			isa = XCBuildConfiguration;
			buildSettings = {
				ASSETCATALOG_COMPILER_APPICON_NAME = AppIcon;
				CODE_SIGN_STYLE = Automatic;
				COMBINE_HIDPI_IMAGES = YES;
				INFOPLIST_FILE = unusedResources/Info.plist;
				LD_RUNPATH_SEARCH_PATHS = (
					"$(inherited)",
					"@executable_path/../Frameworks",
				);
				PRODUCT_BUNDLE_IDENTIFIER = com.thierry24100..unusedResources;
				PRODUCT_NAME = "$(TARGET_NAME)";
				SWIFT_VERSION = 4.2;
			};
			name = Release;
		};
		0300B0722163B0EB00F19655 /* Debug */ = {
			isa = XCBuildConfiguration;
			buildSettings = {
				ALWAYS_EMBED_SWIFT_STANDARD_LIBRARIES = YES;
				BUNDLE_LOADER = "$(TEST_HOST)";
				CODE_SIGN_STYLE = Automatic;
				COMBINE_HIDPI_IMAGES = YES;
				INFOPLIST_FILE = unusedResourcesTests/Info.plist;
				LD_RUNPATH_SEARCH_PATHS = (
					"$(inherited)",
					"@executable_path/../Frameworks",
					"@loader_path/../Frameworks",
				);
				PRODUCT_BUNDLE_IDENTIFIER = com.thierry24100..unusedResourcesTests;
				PRODUCT_NAME = "$(TARGET_NAME)";
				SWIFT_VERSION = 4.2;
				TEST_HOST = "$(BUILT_PRODUCTS_DIR)/unusedResources.app/Contents/MacOS/unusedResources";
			};
			name = Debug;
		};
		0300B0732163B0EB00F19655 /* Release */ = {
			isa = XCBuildConfiguration;
			buildSettings = {
				ALWAYS_EMBED_SWIFT_STANDARD_LIBRARIES = YES;
				BUNDLE_LOADER = "$(TEST_HOST)";
				CODE_SIGN_STYLE = Automatic;
				COMBINE_HIDPI_IMAGES = YES;
				INFOPLIST_FILE = unusedResourcesTests/Info.plist;
				LD_RUNPATH_SEARCH_PATHS = (
					"$(inherited)",
					"@executable_path/../Frameworks",
					"@loader_path/../Frameworks",
				);
				PRODUCT_BUNDLE_IDENTIFIER = com.thierry24100..unusedResourcesTests;
				PRODUCT_NAME = "$(TARGET_NAME)";
				SWIFT_VERSION = 4.2;
				TEST_HOST = "$(BUILT_PRODUCTS_DIR)/unusedResources.app/Contents/MacOS/unusedResources";
			};
			name = Release;
		};
		0300B0752163B0EB00F19655 /* Debug */ = {
			isa = XCBuildConfiguration;
			buildSettings = {
				ALWAYS_EMBED_SWIFT_STANDARD_LIBRARIES = YES;
				CODE_SIGN_STYLE = Automatic;
				COMBINE_HIDPI_IMAGES = YES;
				INFOPLIST_FILE = unusedResourcesUITests/Info.plist;
				LD_RUNPATH_SEARCH_PATHS = (
					"$(inherited)",
					"@executable_path/../Frameworks",
					"@loader_path/../Frameworks",
				);
				PRODUCT_BUNDLE_IDENTIFIER = com.thierry24100..unusedResourcesUITests;
				PRODUCT_NAME = "$(TARGET_NAME)";
				SWIFT_VERSION = 4.2;
				TEST_TARGET_NAME = unusedResources;
			};
			name = Debug;
		};
		0300B0762163B0EB00F19655 /* Release */ = {
			isa = XCBuildConfiguration;
			buildSettings = {
				ALWAYS_EMBED_SWIFT_STANDARD_LIBRARIES = YES;
				CODE_SIGN_STYLE = Automatic;
				COMBINE_HIDPI_IMAGES = YES;
				INFOPLIST_FILE = unusedResourcesUITests/Info.plist;
				LD_RUNPATH_SEARCH_PATHS = (
					"$(inherited)",
					"@executable_path/../Frameworks",
					"@loader_path/../Frameworks",
				);
				PRODUCT_BUNDLE_IDENTIFIER = com.thierry24100..unusedResourcesUITests;
				PRODUCT_NAME = "$(TARGET_NAME)";
				SWIFT_VERSION = 4.2;
				TEST_TARGET_NAME = unusedResources;
			};
			name = Release;
		};
/* End XCBuildConfiguration section */

/* Begin XCConfigurationList section */
		0300B0452163B0EA00F19655 /* Build configuration list for PBXProject "unusedResources" */ = {
			isa = XCConfigurationList;
			buildConfigurations = (
				0300B06C2163B0EB00F19655 /* Debug */,
				0300B06D2163B0EB00F19655 /* Release */,
			);
			defaultConfigurationIsVisible = 0;
			defaultConfigurationName = Release;
		};
		0300B06E2163B0EB00F19655 /* Build configuration list for PBXNativeTarget "unusedResources" */ = {
			isa = XCConfigurationList;
			buildConfigurations = (
				0300B06F2163B0EB00F19655 /* Debug */,
				0300B0702163B0EB00F19655 /* Release */,
			);
			defaultConfigurationIsVisible = 0;
			defaultConfigurationName = Release;
		};
		0300B0712163B0EB00F19655 /* Build configuration list for PBXNativeTarget "unusedResourcesTests" */ = {
			isa = XCConfigurationList;
			buildConfigurations = (
				0300B0722163B0EB00F19655 /* Debug */,
				0300B0732163B0EB00F19655 /* Release */,
			);
			defaultConfigurationIsVisible = 0;
			defaultConfigurationName = Release;
		};
		0300B0742163B0EB00F19655 /* Build configuration list for PBXNativeTarget "unusedResourcesUITests" */ = {
			isa = XCConfigurationList;
			buildConfigurations = (
				0300B0752163B0EB00F19655 /* Debug */,
				0300B0762163B0EB00F19655 /* Release */,
			);
			defaultConfigurationIsVisible = 0;
			defaultConfigurationName = Release;
		};
/* End XCConfigurationList section */
	};
	rootObject = 0300B0422163B0EA00F19655 /* Project object */;
}
